
Microsoft Visual Studio Solution File, Format Version 12.00
# Visual Studio Version 17
VisualStudioVersion = 17.11.35222.181
MinimumVisualStudioVersion = 10.0.40219.1
Project("{FAE04EC0-301F-11D3-BF4B-00C04F79EFBC}") = "RestaurantManagement", "RestaurantManagement\RestaurantManagement.csproj", "{0327E70F-F2A0-48EB-BD13-B8FBC883B526}"
EndProject
Global
	GlobalSection(SolutionConfigurationPlatforms) = preSolution
		Debug|Any CPU = Debug|Any CPU
		Release|Any CPU = Release|Any CPU
	EndGlobalSection
	GlobalSection(ProjectConfigurationPlatforms) = postSolution
		{0327E70F-F2A0-48EB-BD13-B8FBC883B526}.Debug|Any CPU.ActiveCfg = Debug|Any CPU
		{0327E70F-F2A0-48EB-BD13-B8FBC883B526}.Debug|Any CPU.Build.0 = Debug|Any CPU
		{0327E70F-F2A0-48EB-BD13-B8FBC883B526}.Release|Any CPU.ActiveCfg = Release|Any CPU
		{0327E70F-F2A0-48EB-BD13-B8FBC883B526}.Release|Any CPU.Build.0 = Release|Any CPU
	EndGlobalSection
	GlobalSection(SolutionProperties) = preSolution
		HideSolutionNode = FALSE
	EndGlobalSection
	GlobalSection(ExtensibilityGlobals) = postSolution
		SolutionGuid = {014C0159-A046-45A6-B1CE-1ECEF776D349}
	EndGlobalSection
EndGlobal
